
Microsoft Visual Studio Solution File, Format Version 12.00
# Visual Studio Version 17
VisualStudioVersion = 17.14.36429.23
MinimumVisualStudioVersion = 10.0.40219.1
Project("{2150E333-8FDC-42A3-9474-1A3956D46DE8}") = "Task0", "Task0", "{36D591C7-65C7-A0D1-1CBC-10CDE441BDC8}"
EndProject
Project("{FAE04EC0-301F-11D3-BF4B-00C04F79EFBC}") = "Tyuiu.KachulinMV.Sprint0.Task0.V0", "Tyuiu.KachulinMV.Sprint0.Task0.V0\Tyuiu.KachulinMV.Sprint0.Task0.V0.csproj", "{37BA711A-3853-40BB-A984-862698A6B8E8}"
EndProject
Project("{2150E333-8FDC-42A3-9474-1A3956D46DE8}") = "Task1", "Task1", "{5460EEEF-C845-4B32-B003-48DFB920A5BB}"
EndProject
Project("{FAE04EC0-301F-11D3-BF4B-00C04F79EFBC}") = "Tyuiu.KachulinMV.Sprint0.Task1.V0", "Tyuiu.KachulinMV.Sprint0.Task1.V0\Tyuiu.KachulinMV.Sprint0.Task1.V0.csproj", "{8CB9DCB5-BF75-460B-8BFE-2507F2BA4B97}"
EndProject
Project("{2150E333-8FDC-42A3-9474-1A3956D46DE8}") = "Task2", "Task2", "{02EA681E-C7D8-13C7-8484-4AC65E1B71E8}"
EndProject
Project("{FAE04EC0-301F-11D3-BF4B-00C04F79EFBC}") = "Tyuiu.KachulinMV.Sprint0.Task2.V0", "Tyuiu.KachulinMV.Sprint0.Task2.V0\Tyuiu.KachulinMV.Sprint0.Task2.V0.csproj", "{7B6502BF-DBDA-489D-9227-4A23C270F71F}"
EndProject
Project("{FAE04EC0-301F-11D3-BF4B-00C04F79EFBC}") = "﻿Tyuiu.KachulinMV.Sprint0.Task2.V0.Lib", "﻿Tyuiu.KachulinMV.Sprint0.Task2.V0.Lib\﻿Tyuiu.KachulinMV.Sprint0.Task2.V0.Lib.csproj", "{BB25AB1A-E400-4F02-B1F7-91048B5B9B1A}"
EndProject
Project("{FAE04EC0-301F-11D3-BF4B-00C04F79EFBC}") = "﻿Tyuiu.KachulinMV.Sprint0.Task2.V0.Test", "﻿Tyuiu.KachulinMV.Sprint0.Task2.V0.Test\﻿Tyuiu.KachulinMV.Sprint0.Task2.V0.Test.csproj", "{4877F12D-E7B3-475E-993B-E317BB60547E}"
EndProject
Project("{2150E333-8FDC-42A3-9474-1A3956D46DE8}") = "Task3", "Task3", "{CA68C017-DBF3-457A-9ABD-68B051DE9538}"
EndProject
Project("{FAE04EC0-301F-11D3-BF4B-00C04F79EFBC}") = "Tyuiu.KachulinMV.Sprint0.Task3.V1", "Tyuiu.KachulinMV.Sprint0.Task3.V1\Tyuiu.KachulinMV.Sprint0.Task3.V1.csproj", "{C8514E28-BEE4-4063-A40B-CDE0D82B4B20}"
EndProject
Project("{FAE04EC0-301F-11D3-BF4B-00C04F79EFBC}") = "Tyuiu.KachulinMV.Sprint0.Task3.V1.Test", "Tyuiu.KachulinMV.Sprint0.Task3.V1.Test\Tyuiu.KachulinMV.Sprint0.Task3.V1.Test.csproj", "{FD558112-E6BE-47D5-80E5-96246089FCF8}"
EndProject
Project("{FAE04EC0-301F-11D3-BF4B-00C04F79EFBC}") = "Tyuiu.KachulinMV.Sprint0.Task3.V1.Lib", "Tyuiu.KachulinMV.Sprint0.Task3.V1.Lib\Tyuiu.KachulinMV.Sprint0.Task3.V1.Lib.csproj", "{3F52E297-0820-40B8-86DB-094C7C26F857}"
EndProject
Project("{2150E333-8FDC-42A3-9474-1A3956D46DE8}") = "Task4", "Task4", "{0F2B780C-9745-4F19-927B-A6FC19603F44}"
EndProject
Project("{FAE04EC0-301F-11D3-BF4B-00C04F79EFBC}") = "Tyuiu.KachulinMV.Sprint0.Task4.V1", "Tyuiu.KachulinMV.Sprint0.Task4.V1\Tyuiu.KachulinMV.Sprint0.Task4.V1.csproj", "{3573A36D-3B8F-4428-BC15-6452E9C19D5E}"
EndProject
Project("{FAE04EC0-301F-11D3-BF4B-00C04F79EFBC}") = "Tyuiu.KachulinMV.Sprint0.Task4.V1.Lib", "Tyuiu.KachulinMV.Sprint0.Task4.V1.Lib\Tyuiu.KachulinMV.Sprint0.Task4.V1.Lib.csproj", "{B1CC21FA-08C8-4B6C-B50D-99732298707F}"
EndProject
Project("{FAE04EC0-301F-11D3-BF4B-00C04F79EFBC}") = "Tyuiu.KachulinMV.Sprint0.Task4.V1.Test", "Tyuiu.KachulinMV.Sprint0.Task4.V1.Test\Tyuiu.KachulinMV.Sprint0.Task4.V1.Test.csproj", "{D6536089-284C-45D0-B4C6-6D67F8444163}"
EndProject
Project("{2150E333-8FDC-42A3-9474-1A3956D46DE8}") = "Task5", "Task5", "{6DACEDE5-0B33-4FD0-A3CD-AF0D06E963DD}"
EndProject
Project("{FAE04EC0-301F-11D3-BF4B-00C04F79EFBC}") = "Tyuiu.KachulinMV.Sprint0.Task5.V1", "Tyuiu.KachulinMV.Sprint0.Task5.V1\Tyuiu.KachulinMV.Sprint0.Task5.V1.csproj", "{6E043345-D188-4C49-8F4B-8DED58C06E96}"
EndProject
Project("{FAE04EC0-301F-11D3-BF4B-00C04F79EFBC}") = "Tyuiu.KachulinMV.Sprint0.Task5.V1.Lib", "Tyuiu.KachulinMV.Sprint0.Task5.V1.Lib\Tyuiu.KachulinMV.Sprint0.Task5.V1.Lib.csproj", "{B5635B65-D7EC-40D0-8114-EF38E0FC30C8}"
EndProject
Project("{FAE04EC0-301F-11D3-BF4B-00C04F79EFBC}") = "Tyuiu.KachulinMV.Sprint0.Task5.V1.Test", "Tyuiu.KachulinMV.Sprint0.Task5.V1.Test\Tyuiu.KachulinMV.Sprint0.Task5.V1.Test.csproj", "{F44917AA-B741-4C98-B792-10782872412B}"
EndProject
Project("{2150E333-8FDC-42A3-9474-1A3956D46DE8}") = "Task6", "Task6", "{615AC12D-DD27-416C-9679-548CD845B632}"
EndProject
Project("{FAE04EC0-301F-11D3-BF4B-00C04F79EFBC}") = "Tyuiu.KachulinMV.Sprint0.Task6.V0", "Tyuiu.KachulinMV.Sprint0.Task6.V1\Tyuiu.KachulinMV.Sprint0.Task6.V0.csproj", "{D25167F7-DA0E-4C8C-911C-BF973E614DDC}"
EndProject
Project("{FAE04EC0-301F-11D3-BF4B-00C04F79EFBC}") = "Tyuiu.KachulinMV.Sprint0.Task6.V0.Test", "Tyuiu.KachulinMV.Sprint0.Task6.V1.Test\Tyuiu.KachulinMV.Sprint0.Task6.V0.Test.csproj", "{542118B2-A459-436F-A317-6D13C339220B}"
EndProject
Project("{FAE04EC0-301F-11D3-BF4B-00C04F79EFBC}") = "Tyuiu.KachulinMV.Sprint0.Task6.V0.Lib", "Tyuiu.KachulinMV.Sprint0.Task6.V1.Lib\Tyuiu.KachulinMV.Sprint0.Task6.V0.Lib.csproj", "{02660F6A-685D-4B84-AEBF-67B12B53A1D8}"
EndProject
Global
	GlobalSection(SolutionConfigurationPlatforms) = preSolution
		Debug|Any CPU = Debug|Any CPU
		Release|Any CPU = Release|Any CPU
	EndGlobalSection
	GlobalSection(ProjectConfigurationPlatforms) = postSolution
		{37BA711A-3853-40BB-A984-862698A6B8E8}.Debug|Any CPU.ActiveCfg = Debug|Any CPU
		{37BA711A-3853-40BB-A984-862698A6B8E8}.Debug|Any CPU.Build.0 = Debug|Any CPU
		{37BA711A-3853-40BB-A984-862698A6B8E8}.Release|Any CPU.ActiveCfg = Release|Any CPU
		{37BA711A-3853-40BB-A984-862698A6B8E8}.Release|Any CPU.Build.0 = Release|Any CPU
		{8CB9DCB5-BF75-460B-8BFE-2507F2BA4B97}.Debug|Any CPU.ActiveCfg = Debug|Any CPU
		{8CB9DCB5-BF75-460B-8BFE-2507F2BA4B97}.Debug|Any CPU.Build.0 = Debug|Any CPU
		{8CB9DCB5-BF75-460B-8BFE-2507F2BA4B97}.Release|Any CPU.ActiveCfg = Release|Any CPU
		{8CB9DCB5-BF75-460B-8BFE-2507F2BA4B97}.Release|Any CPU.Build.0 = Release|Any CPU
		{7B6502BF-DBDA-489D-9227-4A23C270F71F}.Debug|Any CPU.ActiveCfg = Debug|Any CPU
		{7B6502BF-DBDA-489D-9227-4A23C270F71F}.Debug|Any CPU.Build.0 = Debug|Any CPU
		{7B6502BF-DBDA-489D-9227-4A23C270F71F}.Release|Any CPU.ActiveCfg = Release|Any CPU
		{7B6502BF-DBDA-489D-9227-4A23C270F71F}.Release|Any CPU.Build.0 = Release|Any CPU
		{BB25AB1A-E400-4F02-B1F7-91048B5B9B1A}.Debug|Any CPU.ActiveCfg = Debug|Any CPU
		{BB25AB1A-E400-4F02-B1F7-91048B5B9B1A}.Debug|Any CPU.Build.0 = Debug|Any CPU
		{BB25AB1A-E400-4F02-B1F7-91048B5B9B1A}.Release|Any CPU.ActiveCfg = Release|Any CPU
		{BB25AB1A-E400-4F02-B1F7-91048B5B9B1A}.Release|Any CPU.Build.0 = Release|Any CPU
		{4877F12D-E7B3-475E-993B-E317BB60547E}.Debug|Any CPU.ActiveCfg = Debug|Any CPU
		{4877F12D-E7B3-475E-993B-E317BB60547E}.Debug|Any CPU.Build.0 = Debug|Any CPU
		{4877F12D-E7B3-475E-993B-E317BB60547E}.Release|Any CPU.ActiveCfg = Release|Any CPU
		{4877F12D-E7B3-475E-993B-E317BB60547E}.Release|Any CPU.Build.0 = Release|Any CPU
		{C8514E28-BEE4-4063-A40B-CDE0D82B4B20}.Debug|Any CPU.ActiveCfg = Debug|Any CPU
		{C8514E28-BEE4-4063-A40B-CDE0D82B4B20}.Debug|Any CPU.Build.0 = Debug|Any CPU
		{C8514E28-BEE4-4063-A40B-CDE0D82B4B20}.Release|Any CPU.ActiveCfg = Release|Any CPU
		{C8514E28-BEE4-4063-A40B-CDE0D82B4B20}.Release|Any CPU.Build.0 = Release|Any CPU
		{FD558112-E6BE-47D5-80E5-96246089FCF8}.Debug|Any CPU.ActiveCfg = Debug|Any CPU
		{FD558112-E6BE-47D5-80E5-96246089FCF8}.Debug|Any CPU.Build.0 = Debug|Any CPU
		{FD558112-E6BE-47D5-80E5-96246089FCF8}.Release|Any CPU.ActiveCfg = Release|Any CPU
		{FD558112-E6BE-47D5-80E5-96246089FCF8}.Release|Any CPU.Build.0 = Release|Any CPU
		{3F52E297-0820-40B8-86DB-094C7C26F857}.Debug|Any CPU.ActiveCfg = Debug|Any CPU
		{3F52E297-0820-40B8-86DB-094C7C26F857}.Debug|Any CPU.Build.0 = Debug|Any CPU
		{3F52E297-0820-40B8-86DB-094C7C26F857}.Release|Any CPU.ActiveCfg = Release|Any CPU
		{3F52E297-0820-40B8-86DB-094C7C26F857}.Release|Any CPU.Build.0 = Release|Any CPU
		{3573A36D-3B8F-4428-BC15-6452E9C19D5E}.Debug|Any CPU.ActiveCfg = Debug|Any CPU
		{3573A36D-3B8F-4428-BC15-6452E9C19D5E}.Debug|Any CPU.Build.0 = Debug|Any CPU
		{3573A36D-3B8F-4428-BC15-6452E9C19D5E}.Release|Any CPU.ActiveCfg = Release|Any CPU
		{3573A36D-3B8F-4428-BC15-6452E9C19D5E}.Release|Any CPU.Build.0 = Release|Any CPU
		{B1CC21FA-08C8-4B6C-B50D-99732298707F}.Debug|Any CPU.ActiveCfg = Debug|Any CPU
		{B1CC21FA-08C8-4B6C-B50D-99732298707F}.Debug|Any CPU.Build.0 = Debug|Any CPU
		{B1CC21FA-08C8-4B6C-B50D-99732298707F}.Release|Any CPU.ActiveCfg = Release|Any CPU
		{B1CC21FA-08C8-4B6C-B50D-99732298707F}.Release|Any CPU.Build.0 = Release|Any CPU
		{D6536089-284C-45D0-B4C6-6D67F8444163}.Debug|Any CPU.ActiveCfg = Debug|Any CPU
		{D6536089-284C-45D0-B4C6-6D67F8444163}.Debug|Any CPU.Build.0 = Debug|Any CPU
		{D6536089-284C-45D0-B4C6-6D67F8444163}.Release|Any CPU.ActiveCfg = Release|Any CPU
		{D6536089-284C-45D0-B4C6-6D67F8444163}.Release|Any CPU.Build.0 = Release|Any CPU
		{6E043345-D188-4C49-8F4B-8DED58C06E96}.Debug|Any CPU.ActiveCfg = Debug|Any CPU
		{6E043345-D188-4C49-8F4B-8DED58C06E96}.Debug|Any CPU.Build.0 = Debug|Any CPU
		{6E043345-D188-4C49-8F4B-8DED58C06E96}.Release|Any CPU.ActiveCfg = Release|Any CPU
		{6E043345-D188-4C49-8F4B-8DED58C06E96}.Release|Any CPU.Build.0 = Release|Any CPU
		{B5635B65-D7EC-40D0-8114-EF38E0FC30C8}.Debug|Any CPU.ActiveCfg = Debug|Any CPU
		{B5635B65-D7EC-40D0-8114-EF38E0FC30C8}.Debug|Any CPU.Build.0 = Debug|Any CPU
		{B5635B65-D7EC-40D0-8114-EF38E0FC30C8}.Release|Any CPU.ActiveCfg = Release|Any CPU
		{B5635B65-D7EC-40D0-8114-EF38E0FC30C8}.Release|Any CPU.Build.0 = Release|Any CPU
		{F44917AA-B741-4C98-B792-10782872412B}.Debug|Any CPU.ActiveCfg = Debug|Any CPU
		{F44917AA-B741-4C98-B792-10782872412B}.Debug|Any CPU.Build.0 = Debug|Any CPU
		{F44917AA-B741-4C98-B792-10782872412B}.Release|Any CPU.ActiveCfg = Release|Any CPU
		{F44917AA-B741-4C98-B792-10782872412B}.Release|Any CPU.Build.0 = Release|Any CPU
		{D25167F7-DA0E-4C8C-911C-BF973E614DDC}.Debug|Any CPU.ActiveCfg = Debug|Any CPU
		{D25167F7-DA0E-4C8C-911C-BF973E614DDC}.Debug|Any CPU.Build.0 = Debug|Any CPU
		{D25167F7-DA0E-4C8C-911C-BF973E614DDC}.Release|Any CPU.ActiveCfg = Release|Any CPU
		{D25167F7-DA0E-4C8C-911C-BF973E614DDC}.Release|Any CPU.Build.0 = Release|Any CPU
		{542118B2-A459-436F-A317-6D13C339220B}.Debug|Any CPU.ActiveCfg = Debug|Any CPU
		{542118B2-A459-436F-A317-6D13C339220B}.Debug|Any CPU.Build.0 = Debug|Any CPU
		{542118B2-A459-436F-A317-6D13C339220B}.Release|Any CPU.ActiveCfg = Release|Any CPU
		{542118B2-A459-436F-A317-6D13C339220B}.Release|Any CPU.Build.0 = Release|Any CPU
		{02660F6A-685D-4B84-AEBF-67B12B53A1D8}.Debug|Any CPU.ActiveCfg = Debug|Any CPU
		{02660F6A-685D-4B84-AEBF-67B12B53A1D8}.Debug|Any CPU.Build.0 = Debug|Any CPU
		{02660F6A-685D-4B84-AEBF-67B12B53A1D8}.Release|Any CPU.ActiveCfg = Release|Any CPU
		{02660F6A-685D-4B84-AEBF-67B12B53A1D8}.Release|Any CPU.Build.0 = Release|Any CPU
	EndGlobalSection
	GlobalSection(SolutionProperties) = preSolution
		HideSolutionNode = FALSE
	EndGlobalSection
	GlobalSection(NestedProjects) = preSolution
		{37BA711A-3853-40BB-A984-862698A6B8E8} = {36D591C7-65C7-A0D1-1CBC-10CDE441BDC8}
		{8CB9DCB5-BF75-460B-8BFE-2507F2BA4B97} = {5460EEEF-C845-4B32-B003-48DFB920A5BB}
		{7B6502BF-DBDA-489D-9227-4A23C270F71F} = {02EA681E-C7D8-13C7-8484-4AC65E1B71E8}
		{BB25AB1A-E400-4F02-B1F7-91048B5B9B1A} = {02EA681E-C7D8-13C7-8484-4AC65E1B71E8}
		{4877F12D-E7B3-475E-993B-E317BB60547E} = {02EA681E-C7D8-13C7-8484-4AC65E1B71E8}
		{C8514E28-BEE4-4063-A40B-CDE0D82B4B20} = {CA68C017-DBF3-457A-9ABD-68B051DE9538}
		{FD558112-E6BE-47D5-80E5-96246089FCF8} = {CA68C017-DBF3-457A-9ABD-68B051DE9538}
		{3F52E297-0820-40B8-86DB-094C7C26F857} = {CA68C017-DBF3-457A-9ABD-68B051DE9538}
		{3573A36D-3B8F-4428-BC15-6452E9C19D5E} = {0F2B780C-9745-4F19-927B-A6FC19603F44}
		{B1CC21FA-08C8-4B6C-B50D-99732298707F} = {0F2B780C-9745-4F19-927B-A6FC19603F44}
		{D6536089-284C-45D0-B4C6-6D67F8444163} = {0F2B780C-9745-4F19-927B-A6FC19603F44}
		{6E043345-D188-4C49-8F4B-8DED58C06E96} = {6DACEDE5-0B33-4FD0-A3CD-AF0D06E963DD}
		{B5635B65-D7EC-40D0-8114-EF38E0FC30C8} = {6DACEDE5-0B33-4FD0-A3CD-AF0D06E963DD}
		{F44917AA-B741-4C98-B792-10782872412B} = {6DACEDE5-0B33-4FD0-A3CD-AF0D06E963DD}
		{D25167F7-DA0E-4C8C-911C-BF973E614DDC} = {615AC12D-DD27-416C-9679-548CD845B632}
		{542118B2-A459-436F-A317-6D13C339220B} = {615AC12D-DD27-416C-9679-548CD845B632}
		{02660F6A-685D-4B84-AEBF-67B12B53A1D8} = {615AC12D-DD27-416C-9679-548CD845B632}
	EndGlobalSection
	GlobalSection(ExtensibilityGlobals) = postSolution
		SolutionGuid = {AF6F44D8-10A6-482F-A976-1834A5230765}
	EndGlobalSection
EndGlobal
