
Microsoft Visual Studio Solution File, Format Version 12.00
# Visual Studio Version 17
VisualStudioVersion = 17.14.36429.23 d17.14
MinimumVisualStudioVersion = 10.0.40219.1
Project("{2150E333-8FDC-42A3-9474-1A3956D46DE8}") = "Task0", "Task0", "{36D591C7-65C7-A0D1-1CBC-10CDE441BDC8}"
EndProject
Project("{FAE04EC0-301F-11D3-BF4B-00C04F79EFBC}") = "Tyuiu.KachulinMV.Sprint0.Task0.V0", "Tyuiu.KachulinMV.Sprint0.Task0.V0\Tyuiu.KachulinMV.Sprint0.Task0.V0.csproj", "{37BA711A-3853-40BB-A984-862698A6B8E8}"
EndProject
Project("{2150E333-8FDC-42A3-9474-1A3956D46DE8}") = "Task1", "Task1", "{5460EEEF-C845-4B32-B003-48DFB920A5BB}"
EndProject
Project("{FAE04EC0-301F-11D3-BF4B-00C04F79EFBC}") = "Tyuiu.KachulinMV.Sprint0.Task1.V0", "Tyuiu.KachulinMV.Sprint0.Task1.V0\Tyuiu.KachulinMV.Sprint0.Task1.V0.csproj", "{8CB9DCB5-BF75-460B-8BFE-2507F2BA4B97}"
EndProject
Global
	GlobalSection(SolutionConfigurationPlatforms) = preSolution
		Debug|Any CPU = Debug|Any CPU
		Release|Any CPU = Release|Any CPU
	EndGlobalSection
	GlobalSection(ProjectConfigurationPlatforms) = postSolution
		{37BA711A-3853-40BB-A984-862698A6B8E8}.Debug|Any CPU.ActiveCfg = Debug|Any CPU
		{37BA711A-3853-40BB-A984-862698A6B8E8}.Debug|Any CPU.Build.0 = Debug|Any CPU
		{37BA711A-3853-40BB-A984-862698A6B8E8}.Release|Any CPU.ActiveCfg = Release|Any CPU
		{37BA711A-3853-40BB-A984-862698A6B8E8}.Release|Any CPU.Build.0 = Release|Any CPU
		{8CB9DCB5-BF75-460B-8BFE-2507F2BA4B97}.Debug|Any CPU.ActiveCfg = Debug|Any CPU
		{8CB9DCB5-BF75-460B-8BFE-2507F2BA4B97}.Debug|Any CPU.Build.0 = Debug|Any CPU
		{8CB9DCB5-BF75-460B-8BFE-2507F2BA4B97}.Release|Any CPU.ActiveCfg = Release|Any CPU
		{8CB9DCB5-BF75-460B-8BFE-2507F2BA4B97}.Release|Any CPU.Build.0 = Release|Any CPU
	EndGlobalSection
	GlobalSection(SolutionProperties) = preSolution
		HideSolutionNode = FALSE
	EndGlobalSection
	GlobalSection(NestedProjects) = preSolution
		{37BA711A-3853-40BB-A984-862698A6B8E8} = {36D591C7-65C7-A0D1-1CBC-10CDE441BDC8}
		{8CB9DCB5-BF75-460B-8BFE-2507F2BA4B97} = {5460EEEF-C845-4B32-B003-48DFB920A5BB}
	EndGlobalSection
	GlobalSection(ExtensibilityGlobals) = postSolution
		SolutionGuid = {AF6F44D8-10A6-482F-A976-1834A5230765}
	EndGlobalSection
EndGlobal
